// !$*UTF8*$!
{
	archiveVersion = 1;
	classes = {
	};
	objectVersion = 46;
	objects = {

/* Begin PBXBuildFile section */
		F3733D2C17834A420006B756 /* Foundation.framework in Frameworks */ = {isa = PBXBuildFile; fileRef = F3733D2B17834A420006B756 /* Foundation.framework */; };
		F3733D2E17834A420006B756 /* CoreGraphics.framework in Frameworks */ = {isa = PBXBuildFile; fileRef = F3733D2D17834A420006B756 /* CoreGraphics.framework */; };
		F3733D3017834A420006B756 /* UIKit.framework in Frameworks */ = {isa = PBXBuildFile; fileRef = F3733D2F17834A420006B756 /* UIKit.framework */; };
		F3733D3217834A420006B756 /* CoreData.framework in Frameworks */ = {isa = PBXBuildFile; fileRef = F3733D3117834A420006B756 /* CoreData.framework */; };
		F3733D3817834A420006B756 /* InfoPlist.strings in Resources */ = {isa = PBXBuildFile; fileRef = F3733D3617834A420006B756 /* InfoPlist.strings */; };
		F3733D3A17834A420006B756 /* main.m in Sources */ = {isa = PBXBuildFile; fileRef = F3733D3917834A420006B756 /* main.m */; };
		F3733D3E17834A420006B756 /* AppDelegate.m in Sources */ = {isa = PBXBuildFile; fileRef = F3733D3D17834A420006B756 /* AppDelegate.m */; };
		F3733D4117834A420006B756 /* Main.storyboard in Resources */ = {isa = PBXBuildFile; fileRef = F3733D3F17834A420006B756 /* Main.storyboard */; };
		F3733D4417834A420006B756 /* RepositoryTestApp.xcdatamodeld in Sources */ = {isa = PBXBuildFile; fileRef = F3733D4217834A420006B756 /* RepositoryTestApp.xcdatamodeld */; };
		F3733D4717834A420006B756 /* MasterViewController.m in Sources */ = {isa = PBXBuildFile; fileRef = F3733D4617834A420006B756 /* MasterViewController.m */; };
		F3733D4A17834A420006B756 /* DetailViewController.m in Sources */ = {isa = PBXBuildFile; fileRef = F3733D4917834A420006B756 /* DetailViewController.m */; };
		F3733D4C17834A420006B756 /* Images.xcassets in Resources */ = {isa = PBXBuildFile; fileRef = F3733D4B17834A420006B756 /* Images.xcassets */; };
		F3733D5317834A420006B756 /* XCTest.framework in Frameworks */ = {isa = PBXBuildFile; fileRef = F3733D5217834A420006B756 /* XCTest.framework */; };
		F3733D5417834A420006B756 /* Foundation.framework in Frameworks */ = {isa = PBXBuildFile; fileRef = F3733D2B17834A420006B756 /* Foundation.framework */; };
		F3733D5517834A420006B756 /* UIKit.framework in Frameworks */ = {isa = PBXBuildFile; fileRef = F3733D2F17834A420006B756 /* UIKit.framework */; };
		F3733D5617834A420006B756 /* CoreData.framework in Frameworks */ = {isa = PBXBuildFile; fileRef = F3733D3117834A420006B756 /* CoreData.framework */; };
		F3733D5E17834A420006B756 /* InfoPlist.strings in Resources */ = {isa = PBXBuildFile; fileRef = F3733D5C17834A420006B756 /* InfoPlist.strings */; };
		F3733D6017834A420006B756 /* RepositoryTestAppTests.m in Sources */ = {isa = PBXBuildFile; fileRef = F3733D5F17834A420006B756 /* RepositoryTestAppTests.m */; };
/* End PBXBuildFile section */

/* Begin PBXContainerItemProxy section */
		F3733D5717834A420006B756 /* PBXContainerItemProxy */ = {
			isa = PBXContainerItemProxy;
			containerPortal = F3733D2017834A420006B756 /* Project object */;
			proxyType = 1;
			remoteGlobalIDString = F3733D2717834A420006B756;
			remoteInfo = RepositoryTestApp;
		};
/* End PBXContainerItemProxy section */

/* Begin PBXFileReference section */
		F3733D2817834A420006B756 /* RepositoryTestApp.app */ = {isa = PBXFileReference; explicitFileType = wrapper.application; includeInIndex = 0; path = RepositoryTestApp.app; sourceTree = BUILT_PRODUCTS_DIR; };
		F3733D2B17834A420006B756 /* Foundation.framework */ = {isa = PBXFileReference; lastKnownFileType = wrapper.framework; name = Foundation.framework; path = System/Library/Frameworks/Foundation.framework; sourceTree = SDKROOT; };
		F3733D2D17834A420006B756 /* CoreGraphics.framework */ = {isa = PBXFileReference; lastKnownFileType = wrapper.framework; name = CoreGraphics.framework; path = System/Library/Frameworks/CoreGraphics.framework; sourceTree = SDKROOT; };
		F3733D2F17834A420006B756 /* UIKit.framework */ = {isa = PBXFileReference; lastKnownFileType = wrapper.framework; name = UIKit.framework; path = System/Library/Frameworks/UIKit.framework; sourceTree = SDKROOT; };
		F3733D3117834A420006B756 /* CoreData.framework */ = {isa = PBXFileReference; lastKnownFileType = wrapper.framework; name = CoreData.framework; path = System/Library/Frameworks/CoreData.framework; sourceTree = SDKROOT; };
		F3733D3517834A420006B756 /* RepositoryTestApp-Info.plist */ = {isa = PBXFileReference; lastKnownFileType = text.plist.xml; path = "RepositoryTestApp-Info.plist"; sourceTree = "<group>"; };
		F3733D3717834A420006B756 /* en */ = {isa = PBXFileReference; lastKnownFileType = text.plist.strings; name = en; path = en.lproj/InfoPlist.strings; sourceTree = "<group>"; };
		F3733D3917834A420006B756 /* main.m */ = {isa = PBXFileReference; lastKnownFileType = sourcecode.c.objc; path = main.m; sourceTree = "<group>"; };
		F3733D3B17834A420006B756 /* RepositoryTestApp-Prefix.pch */ = {isa = PBXFileReference; lastKnownFileType = sourcecode.c.h; path = "RepositoryTestApp-Prefix.pch"; sourceTree = "<group>"; };
		F3733D3C17834A420006B756 /* AppDelegate.h */ = {isa = PBXFileReference; lastKnownFileType = sourcecode.c.h; path = AppDelegate.h; sourceTree = "<group>"; };
		F3733D3D17834A420006B756 /* AppDelegate.m */ = {isa = PBXFileReference; lastKnownFileType = sourcecode.c.objc; path = AppDelegate.m; sourceTree = "<group>"; };
		F3733D4017834A420006B756 /* Base */ = {isa = PBXFileReference; lastKnownFileType = file.storyboard; name = Base; path = Base.lproj/Main.storyboard; sourceTree = "<group>"; };
		F3733D4317834A420006B756 /* RepositoryTestApp.xcdatamodel */ = {isa = PBXFileReference; lastKnownFileType = wrapper.xcdatamodel; path = RepositoryTestApp.xcdatamodel; sourceTree = "<group>"; };
		F3733D4517834A420006B756 /* MasterViewController.h */ = {isa = PBXFileReference; lastKnownFileType = sourcecode.c.h; path = MasterViewController.h; sourceTree = "<group>"; };
		F3733D4617834A420006B756 /* MasterViewController.m */ = {isa = PBXFileReference; lastKnownFileType = sourcecode.c.objc; path = MasterViewController.m; sourceTree = "<group>"; };
		F3733D4817834A420006B756 /* DetailViewController.h */ = {isa = PBXFileReference; lastKnownFileType = sourcecode.c.h; path = DetailViewController.h; sourceTree = "<group>"; };
		F3733D4917834A420006B756 /* DetailViewController.m */ = {isa = PBXFileReference; lastKnownFileType = sourcecode.c.objc; path = DetailViewController.m; sourceTree = "<group>"; };
		F3733D4B17834A420006B756 /* Images.xcassets */ = {isa = PBXFileReference; lastKnownFileType = folder.assetcatalog; path = Images.xcassets; sourceTree = "<group>"; };
		F3733D5117834A420006B756 /* RepositoryTestAppTests.xctest */ = {isa = PBXFileReference; explicitFileType = wrapper.cfbundle; includeInIndex = 0; path = RepositoryTestAppTests.xctest; sourceTree = BUILT_PRODUCTS_DIR; };
		F3733D5217834A420006B756 /* XCTest.framework */ = {isa = PBXFileReference; lastKnownFileType = wrapper.framework; name = XCTest.framework; path = Library/Frameworks/XCTest.framework; sourceTree = DEVELOPER_DIR; };
		F3733D5B17834A420006B756 /* RepositoryTestAppTests-Info.plist */ = {isa = PBXFileReference; lastKnownFileType = text.plist.xml; path = "RepositoryTestAppTests-Info.plist"; sourceTree = "<group>"; };
		F3733D5D17834A420006B756 /* en */ = {isa = PBXFileReference; lastKnownFileType = text.plist.strings; name = en; path = en.lproj/InfoPlist.strings; sourceTree = "<group>"; };
		F3733D5F17834A420006B756 /* RepositoryTestAppTests.m */ = {isa = PBXFileReference; lastKnownFileType = sourcecode.c.objc; path = RepositoryTestAppTests.m; sourceTree = "<group>"; };
		F3733D6917834A520006B756 /* libVHHCoreRepository.a */ = {isa = PBXFileReference; lastKnownFileType = archive.ar; path = libVHHCoreRepository.a; sourceTree = BUILT_PRODUCTS_DIR; };
/* End PBXFileReference section */

/* Begin PBXFrameworksBuildPhase section */
		F3733D2517834A420006B756 /* Frameworks */ = {
			isa = PBXFrameworksBuildPhase;
			buildActionMask = 2147483647;
			files = (
				F3733D2E17834A420006B756 /* CoreGraphics.framework in Frameworks */,
				F3733D3217834A420006B756 /* CoreData.framework in Frameworks */,
				F3733D3017834A420006B756 /* UIKit.framework in Frameworks */,
				F3733D2C17834A420006B756 /* Foundation.framework in Frameworks */,
			);
			runOnlyForDeploymentPostprocessing = 0;
		};
		F3733D4E17834A420006B756 /* Frameworks */ = {
			isa = PBXFrameworksBuildPhase;
			buildActionMask = 2147483647;
			files = (
				F3733D5317834A420006B756 /* XCTest.framework in Frameworks */,
				F3733D5617834A420006B756 /* CoreData.framework in Frameworks */,
				F3733D5517834A420006B756 /* UIKit.framework in Frameworks */,
				F3733D5417834A420006B756 /* Foundation.framework in Frameworks */,
			);
			runOnlyForDeploymentPostprocessing = 0;
		};
/* End PBXFrameworksBuildPhase section */

/* Begin PBXGroup section */
		F3733D1F17834A420006B756 = {
			isa = PBXGroup;
			children = (
				F3733D3317834A420006B756 /* RepositoryTestApp */,
				F3733D5917834A420006B756 /* RepositoryTestAppTests */,
				F3733D2A17834A420006B756 /* Frameworks */,
				F3733D2917834A420006B756 /* Products */,
			);
			sourceTree = "<group>";
		};
		F3733D2917834A420006B756 /* Products */ = {
			isa = PBXGroup;
			children = (
				F3733D2817834A420006B756 /* RepositoryTestApp.app */,
				F3733D5117834A420006B756 /* RepositoryTestAppTests.xctest */,
			);
			name = Products;
			sourceTree = "<group>";
		};
		F3733D2A17834A420006B756 /* Frameworks */ = {
			isa = PBXGroup;
			children = (
				F3733D6917834A520006B756 /* libVHHCoreRepository.a */,
				F3733D2B17834A420006B756 /* Foundation.framework */,
				F3733D2D17834A420006B756 /* CoreGraphics.framework */,
				F3733D2F17834A420006B756 /* UIKit.framework */,
				F3733D3117834A420006B756 /* CoreData.framework */,
				F3733D5217834A420006B756 /* XCTest.framework */,
			);
			name = Frameworks;
			sourceTree = "<group>";
		};
		F3733D3317834A420006B756 /* RepositoryTestApp */ = {
			isa = PBXGroup;
			children = (
				F3733D3C17834A420006B756 /* AppDelegate.h */,
				F3733D3D17834A420006B756 /* AppDelegate.m */,
				F3733D3F17834A420006B756 /* Main.storyboard */,
				F3733D4517834A420006B756 /* MasterViewController.h */,
				F3733D4617834A420006B756 /* MasterViewController.m */,
				F3733D4817834A420006B756 /* DetailViewController.h */,
				F3733D4917834A420006B756 /* DetailViewController.m */,
				F3733D4B17834A420006B756 /* Images.xcassets */,
				F3733D4217834A420006B756 /* RepositoryTestApp.xcdatamodeld */,
				F3733D3417834A420006B756 /* Supporting Files */,
			);
			path = RepositoryTestApp;
			sourceTree = "<group>";
		};
		F3733D3417834A420006B756 /* Supporting Files */ = {
			isa = PBXGroup;
			children = (
				F3733D3517834A420006B756 /* RepositoryTestApp-Info.plist */,
				F3733D3617834A420006B756 /* InfoPlist.strings */,
				F3733D3917834A420006B756 /* main.m */,
				F3733D3B17834A420006B756 /* RepositoryTestApp-Prefix.pch */,
			);
			name = "Supporting Files";
			sourceTree = "<group>";
		};
		F3733D5917834A420006B756 /* RepositoryTestAppTests */ = {
			isa = PBXGroup;
			children = (
				F3733D5F17834A420006B756 /* RepositoryTestAppTests.m */,
				F3733D5A17834A420006B756 /* Supporting Files */,
			);
			path = RepositoryTestAppTests;
			sourceTree = "<group>";
		};
		F3733D5A17834A420006B756 /* Supporting Files */ = {
			isa = PBXGroup;
			children = (
				F3733D5B17834A420006B756 /* RepositoryTestAppTests-Info.plist */,
				F3733D5C17834A420006B756 /* InfoPlist.strings */,
			);
			name = "Supporting Files";
			sourceTree = "<group>";
		};
/* End PBXGroup section */

/* Begin PBXNativeTarget section */
		F3733D2717834A420006B756 /* RepositoryTestApp */ = {
			isa = PBXNativeTarget;
			buildConfigurationList = F3733D6317834A420006B756 /* Build configuration list for PBXNativeTarget "RepositoryTestApp" */;
			buildPhases = (
				F3733D2417834A420006B756 /* Sources */,
				F3733D2517834A420006B756 /* Frameworks */,
				F3733D2617834A420006B756 /* Resources */,
			);
			buildRules = (
			);
			dependencies = (
			);
			name = RepositoryTestApp;
			productName = RepositoryTestApp;
			productReference = F3733D2817834A420006B756 /* RepositoryTestApp.app */;
			productType = "com.apple.product-type.application";
		};
		F3733D5017834A420006B756 /* RepositoryTestAppTests */ = {
			isa = PBXNativeTarget;
			buildConfigurationList = F3733D6617834A420006B756 /* Build configuration list for PBXNativeTarget "RepositoryTestAppTests" */;
			buildPhases = (
				F3733D4D17834A420006B756 /* Sources */,
				F3733D4E17834A420006B756 /* Frameworks */,
				F3733D4F17834A420006B756 /* Resources */,
			);
			buildRules = (
			);
			dependencies = (
				F3733D5817834A420006B756 /* PBXTargetDependency */,
			);
			name = RepositoryTestAppTests;
			productName = RepositoryTestAppTests;
			productReference = F3733D5117834A420006B756 /* RepositoryTestAppTests.xctest */;
			productType = "com.apple.product-type.bundle.unit-test";
		};
/* End PBXNativeTarget section */

/* Begin PBXProject section */
		F3733D2017834A420006B756 /* Project object */ = {
			isa = PBXProject;
			attributes = {
				LastUpgradeCheck = 0500;
				ORGANIZATIONNAME = VideoHooHaa;
				TargetAttributes = {
					F3733D5017834A420006B756 = {
						TestTargetID = F3733D2717834A420006B756;
					};
				};
			};
			buildConfigurationList = F3733D2317834A420006B756 /* Build configuration list for PBXProject "RepositoryTestApp" */;
			compatibilityVersion = "Xcode 3.2";
			developmentRegion = English;
			hasScannedForEncodings = 0;
			knownRegions = (
				en,
				Base,
			);
			mainGroup = F3733D1F17834A420006B756;
			productRefGroup = F3733D2917834A420006B756 /* Products */;
			projectDirPath = "";
			projectRoot = "";
			targets = (
				F3733D2717834A420006B756 /* RepositoryTestApp */,
				F3733D5017834A420006B756 /* RepositoryTestAppTests */,
			);
		};
/* End PBXProject section */

/* Begin PBXResourcesBuildPhase section */
		F3733D2617834A420006B756 /* Resources */ = {
			isa = PBXResourcesBuildPhase;
			buildActionMask = 2147483647;
			files = (
				F3733D4C17834A420006B756 /* Images.xcassets in Resources */,
				F3733D3817834A420006B756 /* InfoPlist.strings in Resources */,
				F3733D4117834A420006B756 /* Main.storyboard in Resources */,
			);
			runOnlyForDeploymentPostprocessing = 0;
		};
		F3733D4F17834A420006B756 /* Resources */ = {
			isa = PBXResourcesBuildPhase;
			buildActionMask = 2147483647;
			files = (
				F3733D5E17834A420006B756 /* InfoPlist.strings in Resources */,
			);
			runOnlyForDeploymentPostprocessing = 0;
		};
/* End PBXResourcesBuildPhase section */

/* Begin PBXSourcesBuildPhase section */
		F3733D2417834A420006B756 /* Sources */ = {
			isa = PBXSourcesBuildPhase;
			buildActionMask = 2147483647;
			files = (
				F3733D4A17834A420006B756 /* DetailViewController.m in Sources */,
				F3733D4717834A420006B756 /* MasterViewController.m in Sources */,
				F3733D3E17834A420006B756 /* AppDelegate.m in Sources */,
				F3733D4417834A420006B756 /* RepositoryTestApp.xcdatamodeld in Sources */,
				F3733D3A17834A420006B756 /* main.m in Sources */,
			);
			runOnlyForDeploymentPostprocessing = 0;
		};
		F3733D4D17834A420006B756 /* Sources */ = {
			isa = PBXSourcesBuildPhase;
			buildActionMask = 2147483647;
			files = (
				F3733D6017834A420006B756 /* RepositoryTestAppTests.m in Sources */,
			);
			runOnlyForDeploymentPostprocessing = 0;
		};
/* End PBXSourcesBuildPhase section */

/* Begin PBXTargetDependency section */
		F3733D5817834A420006B756 /* PBXTargetDependency */ = {
			isa = PBXTargetDependency;
			target = F3733D2717834A420006B756 /* RepositoryTestApp */;
			targetProxy = F3733D5717834A420006B756 /* PBXContainerItemProxy */;
		};
/* End PBXTargetDependency section */

/* Begin PBXVariantGroup section */
		F3733D3617834A420006B756 /* InfoPlist.strings */ = {
			isa = PBXVariantGroup;
			children = (
				F3733D3717834A420006B756 /* en */,
			);
			name = InfoPlist.strings;
			sourceTree = "<group>";
		};
		F3733D3F17834A420006B756 /* Main.storyboard */ = {
			isa = PBXVariantGroup;
			children = (
				F3733D4017834A420006B756 /* Base */,
			);
			name = Main.storyboard;
			sourceTree = "<group>";
		};
		F3733D5C17834A420006B756 /* InfoPlist.strings */ = {
			isa = PBXVariantGroup;
			children = (
				F3733D5D17834A420006B756 /* en */,
			);
			name = InfoPlist.strings;
			sourceTree = "<group>";
		};
/* End PBXVariantGroup section */

/* Begin XCBuildConfiguration section */
		F3733D6117834A420006B756 /* Debug */ = {
			isa = XCBuildConfiguration;
			buildSettings = {
				ALWAYS_SEARCH_USER_PATHS = NO;
				CLANG_CXX_LANGUAGE_STANDARD = "gnu++0x";
				CLANG_CXX_LIBRARY = "libc++";
				CLANG_ENABLE_MODULES = YES;
				CLANG_ENABLE_OBJC_ARC = YES;
				CLANG_WARN_BOOL_CONVERSION = YES;
				CLANG_WARN_CONSTANT_CONVERSION = YES;
				CLANG_WARN_DIRECT_OBJC_ISA_USAGE = YES_ERROR;
				CLANG_WARN_EMPTY_BODY = YES;
				CLANG_WARN_ENUM_CONVERSION = YES;
				CLANG_WARN_INT_CONVERSION = YES;
				CLANG_WARN_OBJC_ROOT_CLASS = YES_ERROR;
				CLANG_WARN__DUPLICATE_METHOD_MATCH = YES;
				"CODE_SIGN_IDENTITY[sdk=iphoneos*]" = "iPhone Developer";
				COPY_PHASE_STRIP = NO;
				GCC_C_LANGUAGE_STANDARD = gnu99;
				GCC_DYNAMIC_NO_PIC = NO;
				GCC_OPTIMIZATION_LEVEL = 0;
				GCC_PREPROCESSOR_DEFINITIONS = (
					"DEBUG=1",
					"$(inherited)",
				);
				GCC_SYMBOLS_PRIVATE_EXTERN = NO;
				GCC_WARN_ABOUT_RETURN_TYPE = YES_ERROR;
				GCC_WARN_UNDECLARED_SELECTOR = YES;
				GCC_WARN_UNINITIALIZED_AUTOS = YES;
				GCC_WARN_UNUSED_FUNCTION = YES;
				GCC_WARN_UNUSED_VARIABLE = YES;
				IPHONEOS_DEPLOYMENT_TARGET = 7.0;
				ONLY_ACTIVE_ARCH = YES;
				SDKROOT = iphoneos;
			};
			name = Debug;
		};
		F3733D6217834A420006B756 /* Release */ = {
			isa = XCBuildConfiguration;
			buildSettings = {
				ALWAYS_SEARCH_USER_PATHS = NO;
				CLANG_CXX_LANGUAGE_STANDARD = "gnu++0x";
				CLANG_CXX_LIBRARY = "libc++";
				CLANG_ENABLE_MODULES = YES;
				CLANG_ENABLE_OBJC_ARC = YES;
				CLANG_WARN_BOOL_CONVERSION = YES;
				CLANG_WARN_CONSTANT_CONVERSION = YES;
				CLANG_WARN_DIRECT_OBJC_ISA_USAGE = YES_ERROR;
				CLANG_WARN_EMPTY_BODY = YES;
				CLANG_WARN_ENUM_CONVERSION = YES;
				CLANG_WARN_INT_CONVERSION = YES;
				CLANG_WARN_OBJC_ROOT_CLASS = YES_ERROR;
				CLANG_WARN__DUPLICATE_METHOD_MATCH = YES;
				"CODE_SIGN_IDENTITY[sdk=iphoneos*]" = "iPhone Developer";
				COPY_PHASE_STRIP = YES;
				ENABLE_NS_ASSERTIONS = NO;
				GCC_C_LANGUAGE_STANDARD = gnu99;
				GCC_WARN_ABOUT_RETURN_TYPE = YES_ERROR;
				GCC_WARN_UNDECLARED_SELECTOR = YES;
				GCC_WARN_UNINITIALIZED_AUTOS = YES;
				GCC_WARN_UNUSED_FUNCTION = YES;
				GCC_WARN_UNUSED_VARIABLE = YES;
				IPHONEOS_DEPLOYMENT_TARGET = 7.0;
				SDKROOT = iphoneos;
				VALIDATE_PRODUCT = YES;
			};
			name = Release;
		};
		F3733D6417834A420006B756 /* Debug */ = {
			isa = XCBuildConfiguration;
			buildSettings = {
				ASSETCATALOG_COMPILER_APPICON_NAME = AppIcon;
				ASSETCATALOG_COMPILER_LAUNCHIMAGE_NAME = LaunchImage;
				GCC_PRECOMPILE_PREFIX_HEADER = YES;
				GCC_PREFIX_HEADER = "RepositoryTestApp/RepositoryTestApp-Prefix.pch";
				INFOPLIST_FILE = "RepositoryTestApp/RepositoryTestApp-Info.plist";
				PRODUCT_NAME = "$(TARGET_NAME)";
				WRAPPER_EXTENSION = app;
			};
			name = Debug;
		};
		F3733D6517834A420006B756 /* Release */ = {
			isa = XCBuildConfiguration;
			buildSettings = {
				ASSETCATALOG_COMPILER_APPICON_NAME = AppIcon;
				ASSETCATALOG_COMPILER_LAUNCHIMAGE_NAME = LaunchImage;
				GCC_PRECOMPILE_PREFIX_HEADER = YES;
				GCC_PREFIX_HEADER = "RepositoryTestApp/RepositoryTestApp-Prefix.pch";
				INFOPLIST_FILE = "RepositoryTestApp/RepositoryTestApp-Info.plist";
				PRODUCT_NAME = "$(TARGET_NAME)";
				WRAPPER_EXTENSION = app;
			};
			name = Release;
		};
		F3733D6717834A420006B756 /* Debug */ = {
			isa = XCBuildConfiguration;
			buildSettings = {
				BUNDLE_LOADER = "$(BUILT_PRODUCTS_DIR)/RepositoryTestApp.app/RepositoryTestApp";
				FRAMEWORK_SEARCH_PATHS = (
					"$(SDKROOT)/Developer/Library/Frameworks",
					"$(inherited)",
					"$(SYSTEM_APPS_DIR)/Xcode5-DP2.app/Contents/Developer/Library/Frameworks",
				);
				GCC_PRECOMPILE_PREFIX_HEADER = YES;
				GCC_PREFIX_HEADER = "RepositoryTestApp/RepositoryTestApp-Prefix.pch";
				GCC_PREPROCESSOR_DEFINITIONS = (
					"DEBUG=1",
					"$(inherited)",
				);
				INFOPLIST_FILE = "RepositoryTestAppTests/RepositoryTestAppTests-Info.plist";
				PRODUCT_NAME = "$(TARGET_NAME)";
				TEST_HOST = "$(BUNDLE_LOADER)";
				WRAPPER_EXTENSION = xctest;
			};
			name = Debug;
		};
		F3733D6817834A420006B756 /* Release */ = {
			isa = XCBuildConfiguration;
			buildSettings = {
				BUNDLE_LOADER = "$(BUILT_PRODUCTS_DIR)/RepositoryTestApp.app/RepositoryTestApp";
				FRAMEWORK_SEARCH_PATHS = (
					"$(SDKROOT)/Developer/Library/Frameworks",
					"$(inherited)",
					"$(SYSTEM_APPS_DIR)/Xcode5-DP2.app/Contents/Developer/Library/Frameworks",
				);
				GCC_PRECOMPILE_PREFIX_HEADER = YES;
				GCC_PREFIX_HEADER = "RepositoryTestApp/RepositoryTestApp-Prefix.pch";
				INFOPLIST_FILE = "RepositoryTestAppTests/RepositoryTestAppTests-Info.plist";
				PRODUCT_NAME = "$(TARGET_NAME)";
				TEST_HOST = "$(BUNDLE_LOADER)";
				WRAPPER_EXTENSION = xctest;
			};
			name = Release;
		};
/* End XCBuildConfiguration section */

/* Begin XCConfigurationList section */
		F3733D2317834A420006B756 /* Build configuration list for PBXProject "RepositoryTestApp" */ = {
			isa = XCConfigurationList;
			buildConfigurations = (
				F3733D6117834A420006B756 /* Debug */,
				F3733D6217834A420006B756 /* Release */,
			);
			defaultConfigurationIsVisible = 0;
			defaultConfigurationName = Release;
		};
		F3733D6317834A420006B756 /* Build configuration list for PBXNativeTarget "RepositoryTestApp" */ = {
			isa = XCConfigurationList;
			buildConfigurations = (
				F3733D6417834A420006B756 /* Debug */,
				F3733D6517834A420006B756 /* Release */,
			);
			defaultConfigurationIsVisible = 0;
		};
		F3733D6617834A420006B756 /* Build configuration list for PBXNativeTarget "RepositoryTestAppTests" */ = {
			isa = XCConfigurationList;
			buildConfigurations = (
				F3733D6717834A420006B756 /* Debug */,
				F3733D6817834A420006B756 /* Release */,
			);
			defaultConfigurationIsVisible = 0;
		};
/* End XCConfigurationList section */

/* Begin XCVersionGroup section */
		F3733D4217834A420006B756 /* RepositoryTestApp.xcdatamodeld */ = {
			isa = XCVersionGroup;
			children = (
				F3733D4317834A420006B756 /* RepositoryTestApp.xcdatamodel */,
			);
			currentVersion = F3733D4317834A420006B756 /* RepositoryTestApp.xcdatamodel */;
			path = RepositoryTestApp.xcdatamodeld;
			sourceTree = "<group>";
			versionGroupType = wrapper.xcdatamodel;
		};
/* End XCVersionGroup section */
	};
	rootObject = F3733D2017834A420006B756 /* Project object */;
}
